{
  "nodes": {
    "nixpkgs": {
      "locked": {
        "lastModified": 1772773019,
        "narHash": "sha256-E1bxHxNKfDoQUuvriG71+f+s/NT0qWkImXsYZNFFfCs=",
        "owner": "NixOS",
        "repo": "nixpkgs",
        "rev": "aca4d95fce4914b3892661bcb80b8087293536c6",
        "type": "github"
      },
      "original": {
        "owner": "NixOS",
        "ref": "nixos-unstable",
        "repo": "nixpkgs",
        "type": "github"
      }
    },
    "root": {
      "inputs": {
        "nixpkgs": "nixpkgs",
        "uv-src": "uv-src"
      }
    },
    "uv-src": {
      "flake": false,
      "locked": {
        "lastModified": 1772572083,
        "narHash": "sha256-kdIzLKdpqEnIo4ca7fAaerF8IRw1UTpn3deMZ/HCbAk=",
        "owner": "astral-sh",
        "repo": "uv",
        "rev": "c021be36ab26353cf8732aa77f4e34d6e1752393",
        "type": "github"
      },
      "original": {
        "owner": "astral-sh",
        "ref": "0.10.8",
        "repo": "uv",
        "type": "github"
      }
    }
  },
  "root": "root",
  "version": 7
}
